<?xml version="1.0" encoding="utf-8"?>
<Project ToolsVersion="4.0" xmlns="http://schemas.microsoft.com/developer/msbuild/2003">
  <ItemGroup>
    <Filter Include="HAL">
      <UniqueIdentifier>{750ba45c-0e02-49c8-ba00-5d5127c5f369}</UniqueIdentifier>
    </Filter>
    <Filter Include="USBH">
      <UniqueIdentifier>{9590ccb4-6625-4566-b159-9d759bef4f6b}</UniqueIdentifier>
    </Filter>
    <Filter Include="LwIP">
      <UniqueIdentifier>{7e5e7529-1ec9-4382-803b-8532b0301025}</UniqueIdentifier>
    </Filter>
    <Filter Include="libs">
      <UniqueIdentifier>{588e980a-bc7a-47d5-9aa1-e47f32d1002e}</UniqueIdentifier>
    </Filter>
    <Filter Include="forVS">
      <UniqueIdentifier>{dc8167d9-f775-4239-8bf3-a1fb77c726e9}</UniqueIdentifier>
    </Filter>
  </ItemGroup>
  <ItemGroup>
    <ClCompile Include="..\..\..\_libs\STM32Cube_F2\Drivers\STM32F2xx_HAL_Driver\Src\stm32f2xx_hal.c">
      <Filter>HAL</Filter>
    </ClCompile>
    <ClCompile Include="..\..\..\_libs\STM32Cube_F2\Drivers\STM32F2xx_HAL_Driver\Src\stm32f2xx_hal_adc.c">
      <Filter>HAL</Filter>
    </ClCompile>
    <ClCompile Include="..\..\..\_libs\STM32Cube_F2\Drivers\STM32F2xx_HAL_Driver\Src\stm32f2xx_hal_adc_ex.c">
      <Filter>HAL</Filter>
    </ClCompile>
    <ClCompile Include="..\..\..\_libs\STM32Cube_F2\Drivers\STM32F2xx_HAL_Driver\Src\stm32f2xx_hal_cortex.c">
      <Filter>HAL</Filter>
    </ClCompile>
    <ClCompile Include="..\..\..\_libs\STM32Cube_F2\Drivers\STM32F2xx_HAL_Driver\Src\stm32f2xx_hal_crc.c">
      <Filter>HAL</Filter>
    </ClCompile>
    <ClCompile Include="..\..\..\_libs\STM32Cube_F2\Drivers\STM32F2xx_HAL_Driver\Src\stm32f2xx_hal_dac.c">
      <Filter>HAL</Filter>
    </ClCompile>
    <ClCompile Include="..\..\..\_libs\STM32Cube_F2\Drivers\STM32F2xx_HAL_Driver\Src\stm32f2xx_hal_dac_ex.c">
      <Filter>HAL</Filter>
    </ClCompile>
    <ClCompile Include="..\..\..\_libs\STM32Cube_F2\Drivers\STM32F2xx_HAL_Driver\Src\stm32f2xx_hal_dma.c">
      <Filter>HAL</Filter>
    </ClCompile>
    <ClCompile Include="..\..\..\_libs\STM32Cube_F2\Drivers\STM32F2xx_HAL_Driver\Src\stm32f2xx_hal_dma_ex.c">
      <Filter>HAL</Filter>
    </ClCompile>
    <ClCompile Include="..\..\..\_libs\STM32Cube_F2\Drivers\STM32F2xx_HAL_Driver\Src\stm32f2xx_hal_eth.c">
      <Filter>HAL</Filter>
    </ClCompile>
    <ClCompile Include="..\..\..\_libs\STM32Cube_F2\Drivers\STM32F2xx_HAL_Driver\Src\stm32f2xx_hal_flash.c">
      <Filter>HAL</Filter>
    </ClCompile>
    <ClCompile Include="..\..\..\_libs\STM32Cube_F2\Drivers\STM32F2xx_HAL_Driver\Src\stm32f2xx_hal_flash_ex.c">
      <Filter>HAL</Filter>
    </ClCompile>
    <ClCompile Include="..\..\..\_libs\STM32Cube_F2\Drivers\STM32F2xx_HAL_Driver\Src\stm32f2xx_hal_gpio.c">
      <Filter>HAL</Filter>
    </ClCompile>
    <ClCompile Include="..\..\..\_libs\STM32Cube_F2\Drivers\STM32F2xx_HAL_Driver\Src\stm32f2xx_hal_hcd.c">
      <Filter>HAL</Filter>
    </ClCompile>
    <ClCompile Include="..\..\..\_libs\STM32Cube_F2\Drivers\STM32F2xx_HAL_Driver\Src\stm32f2xx_hal_pcd.c">
      <Filter>HAL</Filter>
    </ClCompile>
    <ClCompile Include="..\..\..\_libs\STM32Cube_F2\Drivers\STM32F2xx_HAL_Driver\Src\stm32f2xx_hal_pcd_ex.c">
      <Filter>HAL</Filter>
    </ClCompile>
    <ClCompile Include="..\..\..\_libs\STM32Cube_F2\Drivers\STM32F2xx_HAL_Driver\Src\stm32f2xx_hal_pwr.c">
      <Filter>HAL</Filter>
    </ClCompile>
    <ClCompile Include="..\..\..\_libs\STM32Cube_F2\Drivers\STM32F2xx_HAL_Driver\Src\stm32f2xx_hal_pwr_ex.c">
      <Filter>HAL</Filter>
    </ClCompile>
    <ClCompile Include="..\..\..\_libs\STM32Cube_F2\Drivers\STM32F2xx_HAL_Driver\Src\stm32f2xx_hal_rcc.c">
      <Filter>HAL</Filter>
    </ClCompile>
    <ClCompile Include="..\..\..\_libs\STM32Cube_F2\Drivers\STM32F2xx_HAL_Driver\Src\stm32f2xx_hal_rcc_ex.c">
      <Filter>HAL</Filter>
    </ClCompile>
    <ClCompile Include="..\..\..\_libs\STM32Cube_F2\Drivers\STM32F2xx_HAL_Driver\Src\stm32f2xx_hal_rtc.c">
      <Filter>HAL</Filter>
    </ClCompile>
    <ClCompile Include="..\..\..\_libs\STM32Cube_F2\Drivers\STM32F2xx_HAL_Driver\Src\stm32f2xx_hal_rtc_ex.c">
      <Filter>HAL</Filter>
    </ClCompile>
    <ClCompile Include="..\..\..\_libs\STM32Cube_F2\Drivers\STM32F2xx_HAL_Driver\Src\stm32f2xx_hal_spi.c">
      <Filter>HAL</Filter>
    </ClCompile>
    <ClCompile Include="..\..\..\_libs\STM32Cube_F2\Drivers\STM32F2xx_HAL_Driver\Src\stm32f2xx_hal_sram.c">
      <Filter>HAL</Filter>
    </ClCompile>
    <ClCompile Include="..\..\..\_libs\STM32Cube_F2\Drivers\STM32F2xx_HAL_Driver\Src\stm32f2xx_hal_tim.c">
      <Filter>HAL</Filter>
    </ClCompile>
    <ClCompile Include="..\..\..\_libs\STM32Cube_F2\Drivers\STM32F2xx_HAL_Driver\Src\stm32f2xx_hal_tim_ex.c">
      <Filter>HAL</Filter>
    </ClCompile>
    <ClCompile Include="..\..\..\_libs\STM32Cube_F2\Drivers\STM32F2xx_HAL_Driver\Src\stm32f2xx_ll_fsmc.c">
      <Filter>HAL</Filter>
    </ClCompile>
    <ClCompile Include="..\..\..\_libs\STM32Cube_F2\Drivers\STM32F2xx_HAL_Driver\Src\stm32f2xx_ll_sdmmc.c">
      <Filter>HAL</Filter>
    </ClCompile>
    <ClCompile Include="..\..\..\_libs\STM32Cube_F2\Drivers\STM32F2xx_HAL_Driver\Src\stm32f2xx_ll_usb.c">
      <Filter>HAL</Filter>
    </ClCompile>
    <ClCompile Include="..\..\..\_libs\STM32Cube_F2\Middlewares\ST\STM32_USB_Host_Library\Class\MSC\Src\usbh_msc.c">
      <Filter>USBH</Filter>
    </ClCompile>
    <ClCompile Include="..\..\..\_libs\STM32Cube_F2\Middlewares\ST\STM32_USB_Host_Library\Class\MSC\Src\usbh_msc_bot.c">
      <Filter>USBH</Filter>
    </ClCompile>
    <ClCompile Include="..\..\..\_libs\STM32Cube_F2\Middlewares\ST\STM32_USB_Host_Library\Class\MSC\Src\usbh_msc_scsi.c">
      <Filter>USBH</Filter>
    </ClCompile>
    <ClCompile Include="..\..\..\_libs\STM32Cube_F2\Middlewares\ST\STM32_USB_Host_Library\Core\Src\usbh_core.c">
      <Filter>USBH</Filter>
    </ClCompile>
    <ClCompile Include="..\..\..\_libs\STM32Cube_F2\Middlewares\ST\STM32_USB_Host_Library\Core\Src\usbh_ctlreq.c">
      <Filter>USBH</Filter>
    </ClCompile>
    <ClCompile Include="..\..\..\_libs\STM32Cube_F2\Middlewares\ST\STM32_USB_Host_Library\Core\Src\usbh_ioreq.c">
      <Filter>USBH</Filter>
    </ClCompile>
    <ClCompile Include="..\..\..\_libs\STM32Cube_F2\Middlewares\ST\STM32_USB_Host_Library\Core\Src\usbh_pipes.c">
      <Filter>USBH</Filter>
    </ClCompile>
    <ClCompile Include="..\..\..\_libs\STM32Cube_F2\Middlewares\Third_Party\LwIP\src\core\def.c">
      <Filter>LwIP</Filter>
    </ClCompile>
    <ClCompile Include="..\..\..\_libs\STM32Cube_F2\Middlewares\Third_Party\LwIP\src\core\dns.c">
      <Filter>LwIP</Filter>
    </ClCompile>
    <ClCompile Include="..\..\..\_libs\STM32Cube_F2\Middlewares\Third_Party\LwIP\src\core\init.c">
      <Filter>LwIP</Filter>
    </ClCompile>
    <ClCompile Include="..\..\..\_libs\STM32Cube_F2\Middlewares\Third_Party\LwIP\src\core\ip.c">
      <Filter>LwIP</Filter>
    </ClCompile>
    <ClCompile Include="..\..\..\_libs\STM32Cube_F2\Middlewares\Third_Party\LwIP\src\core\mem.c">
      <Filter>LwIP</Filter>
    </ClCompile>
    <ClCompile Include="..\..\..\_libs\STM32Cube_F2\Middlewares\Third_Party\LwIP\src\core\memp.c">
      <Filter>LwIP</Filter>
    </ClCompile>
    <ClCompile Include="..\..\..\_libs\STM32Cube_F2\Middlewares\Third_Party\LwIP\src\core\netif.c">
      <Filter>LwIP</Filter>
    </ClCompile>
    <ClCompile Include="..\..\..\_libs\STM32Cube_F2\Middlewares\Third_Party\LwIP\src\core\pbuf.c">
      <Filter>LwIP</Filter>
    </ClCompile>
    <ClCompile Include="..\..\..\_libs\STM32Cube_F2\Middlewares\Third_Party\LwIP\src\core\raw.c">
      <Filter>LwIP</Filter>
    </ClCompile>
    <ClCompile Include="..\..\..\_libs\STM32Cube_F2\Middlewares\Third_Party\LwIP\src\core\stats.c">
      <Filter>LwIP</Filter>
    </ClCompile>
    <ClCompile Include="..\..\..\_libs\STM32Cube_F2\Middlewares\Third_Party\LwIP\src\core\sys.c">
      <Filter>LwIP</Filter>
    </ClCompile>
    <ClCompile Include="..\..\..\_libs\STM32Cube_F2\Middlewares\Third_Party\LwIP\src\core\tcp.c">
      <Filter>LwIP</Filter>
    </ClCompile>
    <ClCompile Include="..\..\..\_libs\STM32Cube_F2\Middlewares\Third_Party\LwIP\src\core\tcp_in.c">
      <Filter>LwIP</Filter>
    </ClCompile>
    <ClCompile Include="..\..\..\_libs\STM32Cube_F2\Middlewares\Third_Party\LwIP\src\core\tcp_out.c">
      <Filter>LwIP</Filter>
    </ClCompile>
    <ClCompile Include="..\..\..\_libs\STM32Cube_F2\Middlewares\Third_Party\LwIP\src\core\timeouts.c">
      <Filter>LwIP</Filter>
    </ClCompile>
    <ClCompile Include="..\..\..\_libs\STM32Cube_F2\Middlewares\Third_Party\LwIP\src\core\udp.c">
      <Filter>LwIP</Filter>
    </ClCompile>
    <ClCompile Include="..\..\..\_libs\STM32Cube_F2\Middlewares\Third_Party\LwIP\src\core\ipv4\autoip.c">
      <Filter>LwIP</Filter>
    </ClCompile>
    <ClCompile Include="..\..\..\_libs\STM32Cube_F2\Middlewares\Third_Party\LwIP\src\core\ipv4\dhcp.c">
      <Filter>LwIP</Filter>
    </ClCompile>
    <ClCompile Include="..\..\..\_libs\STM32Cube_F2\Middlewares\Third_Party\LwIP\src\core\ipv4\etharp.c">
      <Filter>LwIP</Filter>
    </ClCompile>
    <ClCompile Include="..\..\..\_libs\STM32Cube_F2\Middlewares\Third_Party\LwIP\src\core\ipv4\icmp.c">
      <Filter>LwIP</Filter>
    </ClCompile>
    <ClCompile Include="..\..\..\_libs\STM32Cube_F2\Middlewares\Third_Party\LwIP\src\core\ipv4\igmp.c">
      <Filter>LwIP</Filter>
    </ClCompile>
    <ClCompile Include="..\..\..\_libs\STM32Cube_F2\Middlewares\Third_Party\LwIP\src\core\ipv4\ip4.c">
      <Filter>LwIP</Filter>
    </ClCompile>
    <ClCompile Include="..\..\..\_libs\STM32Cube_F2\Middlewares\Third_Party\LwIP\src\core\ipv4\ip4_addr.c">
      <Filter>LwIP</Filter>
    </ClCompile>
    <ClCompile Include="..\..\..\_libs\STM32Cube_F2\Middlewares\Third_Party\LwIP\src\core\ipv4\ip4_frag.c">
      <Filter>LwIP</Filter>
    </ClCompile>
    <ClCompile Include="..\..\..\_libs\STM32Cube_F2\Middlewares\Third_Party\LwIP\src\api\api_lib.c">
      <Filter>LwIP</Filter>
    </ClCompile>
    <ClCompile Include="..\..\..\_libs\STM32Cube_F2\Middlewares\Third_Party\LwIP\src\api\api_msg.c">
      <Filter>LwIP</Filter>
    </ClCompile>
    <ClCompile Include="..\..\..\_libs\STM32Cube_F2\Middlewares\Third_Party\LwIP\src\api\err.c">
      <Filter>LwIP</Filter>
    </ClCompile>
    <ClCompile Include="..\..\..\_libs\STM32Cube_F2\Middlewares\Third_Party\LwIP\src\api\netbuf.c">
      <Filter>LwIP</Filter>
    </ClCompile>
    <ClCompile Include="..\..\..\_libs\STM32Cube_F2\Middlewares\Third_Party\LwIP\src\api\netdb.c">
      <Filter>LwIP</Filter>
    </ClCompile>
    <ClCompile Include="..\..\..\_libs\STM32Cube_F2\Middlewares\Third_Party\LwIP\src\api\sockets.c">
      <Filter>LwIP</Filter>
    </ClCompile>
    <ClCompile Include="..\..\..\_libs\STM32Cube_F2\Middlewares\Third_Party\LwIP\src\netif\ethernet.c">
      <Filter>LwIP</Filter>
    </ClCompile>
    <ClCompile Include="..\..\..\S8-53\Device53\libs\system_stm32f2xx.c">
      <Filter>libs</Filter>
    </ClCompile>
    <ClCompile Include="..\..\..\S8-53\Device53\libs\usbd_desc.c">
      <Filter>libs</Filter>
    </ClCompile>
    <ClCompile Include="..\..\..\S8-53\Device53\libs\app_ethernet.cpp">
      <Filter>libs</Filter>
    </ClCompile>
    <ClCompile Include="..\..\..\S8-53\Device53\libs\ethernetif.cpp">
      <Filter>libs</Filter>
    </ClCompile>
    <ClCompile Include="..\..\..\S8-53\Device53\libs\usbh_conf.cpp">
      <Filter>libs</Filter>
    </ClCompile>
    <ClCompile Include="..\..\..\S8-53\Device53\libs\usbd_conf.cpp">
      <Filter>libs</Filter>
    </ClCompile>
    <ClCompile Include="..\..\..\S8-53\Device53\libs\usbd_cdc_interface.cpp">
      <Filter>libs</Filter>
    </ClCompile>
    <ClCompile Include="..\..\..\S8-53\Device53\libs\stm32f2xx_it.cpp">
      <Filter>libs</Filter>
    </ClCompile>
    <ClCompile Include="..\..\..\S8-53\Device53\libs\stm32f2xx_hal_msp.cpp">
      <Filter>libs</Filter>
    </ClCompile>
  </ItemGroup>
  <ItemGroup>
    <ClInclude Include="..\..\..\S8-53\Device53\libs\app_ethernet.h">
      <Filter>libs</Filter>
    </ClInclude>
    <ClInclude Include="..\..\..\S8-53\Device53\libs\ethernetif.h">
      <Filter>libs</Filter>
    </ClInclude>
    <ClInclude Include="..\..\..\S8-53\Device53\libs\ffconf.h">
      <Filter>libs</Filter>
    </ClInclude>
    <ClInclude Include="..\..\..\S8-53\Device53\libs\lwipopts.h">
      <Filter>libs</Filter>
    </ClInclude>
    <ClInclude Include="..\..\..\S8-53\Device53\libs\stm32f2xx_hal_conf.h">
      <Filter>libs</Filter>
    </ClInclude>
    <ClInclude Include="..\..\..\S8-53\Device53\libs\stm32f2xx_it.h">
      <Filter>libs</Filter>
    </ClInclude>
    <ClInclude Include="..\..\..\S8-53\Device53\libs\usbd_cdc_interface.h">
      <Filter>libs</Filter>
    </ClInclude>
    <ClInclude Include="..\..\..\S8-53\Device53\libs\usbd_conf.h">
      <Filter>libs</Filter>
    </ClInclude>
    <ClInclude Include="..\..\..\S8-53\Device53\libs\usbd_desc.h">
      <Filter>libs</Filter>
    </ClInclude>
    <ClInclude Include="..\..\..\S8-53\Device53\libs\usbh_conf.h">
      <Filter>libs</Filter>
    </ClInclude>
    <ClInclude Include="..\..\..\_libs\forVS\core_cm3.h">
      <Filter>forVS</Filter>
    </ClInclude>
    <ClInclude Include="..\..\..\_libs\forVS\core_cm4.h">
      <Filter>forVS</Filter>
    </ClInclude>
    <ClInclude Include="..\..\..\_libs\forVS\ctype.h">
      <Filter>forVS</Filter>
    </ClInclude>
    <ClInclude Include="..\..\..\_libs\forVS\ff.h">
      <Filter>forVS</Filter>
    </ClInclude>
    <ClInclude Include="..\..\..\_libs\forVS\ff_gen_drv.h">
      <Filter>forVS</Filter>
    </ClInclude>
    <ClInclude Include="..\..\..\_libs\forVS\limits.h">
      <Filter>forVS</Filter>
    </ClInclude>
    <ClInclude Include="..\..\..\_libs\forVS\math.h">
      <Filter>forVS</Filter>
    </ClInclude>
    <ClInclude Include="..\..\..\_libs\forVS\stdarg.h">
      <Filter>forVS</Filter>
    </ClInclude>
    <ClInclude Include="..\..\..\_libs\forVS\stdint.h">
      <Filter>forVS</Filter>
    </ClInclude>
    <ClInclude Include="..\..\..\_libs\forVS\stdio.h">
      <Filter>forVS</Filter>
    </ClInclude>
    <ClInclude Include="..\..\..\_libs\forVS\stdlib.h">
      <Filter>forVS</Filter>
    </ClInclude>
    <ClInclude Include="..\..\..\_libs\forVS\stm32f4xx_hal.h">
      <Filter>forVS</Filter>
    </ClInclude>
    <ClInclude Include="..\..\..\_libs\forVS\string.h">
      <Filter>forVS</Filter>
    </ClInclude>
    <ClInclude Include="..\..\..\_libs\forVS\tchar.h">
      <Filter>forVS</Filter>
    </ClInclude>
    <ClInclude Include="..\..\..\_libs\forVS\usbd_cdc.h">
      <Filter>forVS</Filter>
    </ClInclude>
    <ClInclude Include="..\..\..\_libs\forVS\usbd_core.h">
      <Filter>forVS</Filter>
    </ClInclude>
    <ClInclude Include="..\..\..\_libs\forVS\usbd_def.h">
      <Filter>forVS</Filter>
    </ClInclude>
    <ClInclude Include="..\..\..\_libs\forVS\usbd_ioreq.h">
      <Filter>forVS</Filter>
    </ClInclude>
    <ClInclude Include="..\..\..\_libs\forVS\usbh_core.h">
      <Filter>forVS</Filter>
    </ClInclude>
    <ClInclude Include="..\..\..\_libs\forVS\usbh_def.h">
      <Filter>forVS</Filter>
    </ClInclude>
    <ClInclude Include="..\..\..\_libs\forVS\usbh_msc.h">
      <Filter>forVS</Filter>
    </ClInclude>
    <ClInclude Include="..\..\..\_libs\forVS\usbh_msc_bot.h">
      <Filter>forVS</Filter>
    </ClInclude>
    <ClInclude Include="..\..\..\_libs\forVS\windows.h">
      <Filter>forVS</Filter>
    </ClInclude>
    <ClInclude Include="..\..\..\_libs\forVS\inttypes.h">
      <Filter>forVS</Filter>
    </ClInclude>
  </ItemGroup>
  <ItemGroup>
    <None Include="..\..\..\S8-53\Device53\libs\startup_stm32f207xx.s">
      <Filter>libs</Filter>
    </None>
    <None Include="..\..\..\_libs\forVS\algorithm">
      <Filter>forVS</Filter>
    </None>
  </ItemGroup>
</Project>